
Microsoft Visual Studio Solution File, Format Version 12.00
# Visual Studio Version 17
VisualStudioVersion = 17.3.32804.467
MinimumVisualStudioVersion = 10.0.40219.1
Project("{FAE04EC0-301F-11D3-BF4B-00C04F79EFBC}") = "UserSettingStorageZapper", "UserSettingStorageZapper\UserSettingStorageZapper.csproj", "{07835DC3-5F85-402D-8E2E-CA0570B788D7}"
EndProject
Global
	GlobalSection(SolutionConfigurationPlatforms) = preSolution
		Debug|Any CPU = Debug|Any CPU
		Release|Any CPU = Release|Any CPU
	EndGlobalSection
	GlobalSection(ProjectConfigurationPlatforms) = postSolution
		{07835DC3-5F85-402D-8E2E-CA0570B788D7}.Debug|Any CPU.ActiveCfg = Debug|Any CPU
		{07835DC3-5F85-402D-8E2E-CA0570B788D7}.Debug|Any CPU.Build.0 = Debug|Any CPU
		{07835DC3-5F85-402D-8E2E-CA0570B788D7}.Release|Any CPU.ActiveCfg = Release|Any CPU
		{07835DC3-5F85-402D-8E2E-CA0570B788D7}.Release|Any CPU.Build.0 = Release|Any CPU
	EndGlobalSection
	GlobalSection(SolutionProperties) = preSolution
		HideSolutionNode = FALSE
	EndGlobalSection
	GlobalSection(ExtensibilityGlobals) = postSolution
		SolutionGuid = {EDCAA74F-8538-4E8B-8B6F-3F6ADD37B63E}
	EndGlobalSection
EndGlobal
